<?xml version="1.0" encoding="utf-8"?>
<Project ToolsVersion="4.0" xmlns="http://schemas.microsoft.com/developer/msbuild/2003">
  <ItemGroup>
    <Filter Include="Source Files">
      <UniqueIdentifier>{4FC737F1-C7A5-4376-A066-2A32D752A2FF}</UniqueIdentifier>
      <Extensions>cpp;c;cc;cxx;def;odl;idl;hpj;bat;asm;asmx</Extensions>
    </Filter>
    <Filter Include="Header Files">
      <UniqueIdentifier>{93995380-89BD-4b04-88EB-625FBE52EBFB}</UniqueIdentifier>
      <Extensions>h;hh;hpp;hxx;hm;inl;inc;xsd</Extensions>
    </Filter>
    <Filter Include="Resource Files">
      <UniqueIdentifier>{67DA6AB6-F800-4c08-8B7A-83BB121AAD01}</UniqueIdentifier>
      <Extensions>rc;ico;cur;bmp;dlg;rc2;rct;bin;rgs;gif;jpg;jpeg;jpe;resx;tiff;tif;png;wav;mfcribbon-ms</Extensions>
    </Filter>
    <Filter Include="Header Files\Enemies">
      <UniqueIdentifier>{e44ac8ae-d58c-4d4e-9a7d-568828539df8}</UniqueIdentifier>
    </Filter>
    <Filter Include="Header Files\Tools">
      <UniqueIdentifier>{bdcf6cd6-e5ed-4bd8-beb0-c4d304b1a583}</UniqueIdentifier>
    </Filter>
    <Filter Include="Header Files\Weapons">
      <UniqueIdentifier>{75d16159-ee27-4e24-9aa4-9a78a5e8d434}</UniqueIdentifier>
    </Filter>
    <Filter Include="Header Files\Explosions">
      <UniqueIdentifier>{f6c79d98-1d65-43a0-b9d4-b75828cce8d6}</UniqueIdentifier>
    </Filter>
    <Filter Include="Header Files\PowerUps">
      <UniqueIdentifier>{b496bc2b-bc5f-4800-9485-a113039594b6}</UniqueIdentifier>
    </Filter>
  </ItemGroup>
  <ItemGroup>
    <ClInclude Include="Animation.h">
      <Filter>Header Files</Filter>
    </ClInclude>
    <ClInclude Include="Application.h">
      <Filter>Header Files</Filter>
    </ClInclude>
    <ClInclude Include="Globals.h">
      <Filter>Header Files</Filter>
    </ClInclude>
    <ClInclude Include="Module.h">
      <Filter>Header Files</Filter>
    </ClInclude>
    <ClInclude Include="ModuleInput.h">
      <Filter>Header Files</Filter>
    </ClInclude>
    <ClInclude Include="ModuleRender.h">
      <Filter>Header Files</Filter>
    </ClInclude>
    <ClInclude Include="ModuleTextures.h">
      <Filter>Header Files</Filter>
    </ClInclude>
    <ClInclude Include="ModuleWindow.h">
      <Filter>Header Files</Filter>
    </ClInclude>
    <ClInclude Include="ModuleAudio.h">
      <Filter>Header Files</Filter>
    </ClInclude>
    <ClInclude Include="ModuleFadeToBlack.h">
      <Filter>Header Files</Filter>
    </ClInclude>
    <ClInclude Include="ModulePlayer.h">
      <Filter>Header Files</Filter>
    </ClInclude>
    <ClInclude Include="ModuleSceneSpace.h">
      <Filter>Header Files</Filter>
    </ClInclude>
    <ClInclude Include="ModuleParticles.h">
      <Filter>Header Files</Filter>
    </ClInclude>
    <ClInclude Include="ModuleSceneIntro.h">
      <Filter>Header Files</Filter>
    </ClInclude>
    <ClInclude Include="ModuleEnemy.h">
      <Filter>Header Files</Filter>
    </ClInclude>
    <ClInclude Include="ModuleCollision.h">
      <Filter>Header Files</Filter>
    </ClInclude>
    <ClInclude Include="ModuleSceneGameOver.h">
      <Filter>Header Files</Filter>
    </ClInclude>
    <ClInclude Include="ModuleSceneWin.h">
      <Filter>Header Files</Filter>
    </ClInclude>
    <ClInclude Include="Enemy.h">
      <Filter>Header Files\Enemies</Filter>
    </ClInclude>
    <ClInclude Include="PataEnemy.h">
      <Filter>Header Files\Enemies</Filter>
    </ClInclude>
    <ClInclude Include="DynArray.h">
      <Filter>Header Files\Tools</Filter>
    </ClInclude>
    <ClInclude Include="DList.h">
      <Filter>Header Files\Tools</Filter>
    </ClInclude>
    <ClInclude Include="Point2d.h">
      <Filter>Header Files\Tools</Filter>
    </ClInclude>
    <ClInclude Include="ModuleInterface.h">
      <Filter>Header Files</Filter>
    </ClInclude>
    <ClInclude Include="BugEnemy.h">
      <Filter>Header Files\Enemies</Filter>
    </ClInclude>
    <ClInclude Include="CommonExplosion.h">
      <Filter>Header Files\Explosions</Filter>
    </ClInclude>
    <ClInclude Include="Contrail.h">
      <Filter>Header Files\Explosions</Filter>
    </ClInclude>
    <ClInclude Include="Explosions.h">
      <Filter>Header Files\Explosions</Filter>
    </ClInclude>
    <ClInclude Include="HugeExplosion.h">
      <Filter>Header Files\Explosions</Filter>
    </ClInclude>
    <ClInclude Include="PlayerBasicShotChargedExplosion.h">
      <Filter>Header Files\Explosions</Filter>
    </ClInclude>
    <ClInclude Include="PlayerBasicShotExplosion.h">
      <Filter>Header Files\Explosions</Filter>
    </ClInclude>
    <ClInclude Include="PlayerExplosion.h">
      <Filter>Header Files\Explosions</Filter>
    </ClInclude>
    <ClInclude Include="PlayerMissileShotExplosion.h">
      <Filter>Header Files\Explosions</Filter>
    </ClInclude>
    <ClInclude Include="BasicPowerUp.h">
      <Filter>Header Files\PowerUps</Filter>
    </ClInclude>
    <ClInclude Include="MissilePowerUp.h">
      <Filter>Header Files\PowerUps</Filter>
    </ClInclude>
    <ClInclude Include="RibbonPowerUp.h">
      <Filter>Header Files\PowerUps</Filter>
    </ClInclude>
    <ClInclude Include="BasicEnemyShot.h">
      <Filter>Header Files\Weapons</Filter>
    </ClInclude>
    <ClInclude Include="BasicPlayerShot.h">
      <Filter>Header Files\Weapons</Filter>
    </ClInclude>
    <ClInclude Include="BossWeapon.h">
      <Filter>Header Files\Weapons</Filter>
    </ClInclude>
    <ClInclude Include="MissilePlayerShot.h">
      <Filter>Header Files\Weapons</Filter>
    </ClInclude>
    <ClInclude Include="RibbonShot.h">
      <Filter>Header Files\Weapons</Filter>
    </ClInclude>
    <ClInclude Include="Weapons.h">
      <Filter>Header Files\Weapons</Filter>
    </ClInclude>
    <ClInclude Include="BossHit.h">
      <Filter>Header Files\Explosions</Filter>
    </ClInclude>
    <ClInclude Include="ModulePowerUp.h">
      <Filter>Header Files</Filter>
    </ClInclude>
    <ClInclude Include="ModuleBoss.h">
      <Filter>Header Files</Filter>
    </ClInclude>
  </ItemGroup>
  <ItemGroup>
    <Text Include="CodeStyle.txt">
      <Filter>Resource Files</Filter>
    </Text>
  </ItemGroup>
  <ItemGroup>
    <ClCompile Include="Application.cpp">
      <Filter>Source Files</Filter>
    </ClCompile>
    <ClCompile Include="Log.cpp">
      <Filter>Source Files</Filter>
    </ClCompile>
    <ClCompile Include="main.cpp">
      <Filter>Source Files</Filter>
    </ClCompile>
    <ClCompile Include="ModuleInput.cpp">
      <Filter>Source Files</Filter>
    </ClCompile>
    <ClCompile Include="ModuleRender.cpp">
      <Filter>Source Files</Filter>
    </ClCompile>
    <ClCompile Include="ModuleTextures.cpp">
      <Filter>Source Files</Filter>
    </ClCompile>
    <ClCompile Include="ModuleWindow.cpp">
      <Filter>Source Files</Filter>
    </ClCompile>
    <ClCompile Include="ModuleAudio.cpp">
      <Filter>Source Files</Filter>
    </ClCompile>
    <ClCompile Include="ModuleFadeToBlack.cpp">
      <Filter>Source Files</Filter>
    </ClCompile>
    <ClCompile Include="ModulePlayer.cpp">
      <Filter>Source Files</Filter>
    </ClCompile>
    <ClCompile Include="ModuleSceneSpace.cpp">
      <Filter>Source Files</Filter>
    </ClCompile>
    <ClCompile Include="ModuleParticles.cpp">
      <Filter>Source Files</Filter>
    </ClCompile>
    <ClCompile Include="ModuleSceneIntro.cpp">
      <Filter>Source Files</Filter>
    </ClCompile>
    <ClCompile Include="ModuleEnemy.cpp">
      <Filter>Source Files</Filter>
    </ClCompile>
    <ClCompile Include="ModuleCollision.cpp">
      <Filter>Source Files</Filter>
    </ClCompile>
    <ClCompile Include="ModuleSceneGameOver.cpp">
      <Filter>Source Files</Filter>
    </ClCompile>
    <ClCompile Include="ModuleSceneWin.cpp">
      <Filter>Source Files</Filter>
    </ClCompile>
    <ClCompile Include="ModuleInterface.cpp">
      <Filter>Source Files</Filter>
    </ClCompile>
    <ClCompile Include="ModulePowerUp.cpp">
      <Filter>Source Files</Filter>
    </ClCompile>
    <ClCompile Include="ModuleBoss.cpp">
      <Filter>Source Files</Filter>
    </ClCompile>
  </ItemGroup>
</Project>